# This file is automatically @generated by Cargo.
# It is not intended for manual editing.
[[package]]
name = "aravis"
version = "0.0.1"
source = "registry+https://github.com/rust-lang/crates.io-index"
dependencies = [
 "aravis-sys 0.0.1 (registry+https://github.com/rust-lang/crates.io-index)",
 "gio 0.7.0 (registry+https://github.com/rust-lang/crates.io-index)",
 "gio-sys 0.9.0 (registry+https://github.com/rust-lang/crates.io-index)",
 "glib 0.8.2 (registry+https://github.com/rust-lang/crates.io-index)",
 "glib-sys 0.9.0 (registry+https://github.com/rust-lang/crates.io-index)",
 "gobject-sys 0.9.0 (registry+https://github.com/rust-lang/crates.io-index)",
]

[[package]]
name = "aravis-sys"
version = "0.0.1"
source = "registry+https://github.com/rust-lang/crates.io-index"
dependencies = [
 "gio-sys 0.9.0 (registry+https://github.com/rust-lang/crates.io-index)",
 "glib-sys 0.9.0 (registry+https://github.com/rust-lang/crates.io-index)",
 "gobject-sys 0.9.0 (registry+https://github.com/rust-lang/crates.io-index)",
 "libc 0.2.65 (registry+https://github.com/rust-lang/crates.io-index)",
 "pkg-config 0.3.16 (registry+https://github.com/rust-lang/crates.io-index)",
]

[[package]]
name = "aravis-utils"
version = "0.1.0"
dependencies = [
 "aravis 0.0.1 (registry+https://github.com/rust-lang/crates.io-index)",
]

[[package]]
name = "bitflags"
version = "1.2.1"
source = "registry+https://github.com/rust-lang/crates.io-index"

[[package]]
name = "fragile"
version = "0.3.0"
source = "registry+https://github.com/rust-lang/crates.io-index"

[[package]]
name = "gio"
version = "0.7.0"
source = "registry+https://github.com/rust-lang/crates.io-index"
dependencies = [
 "bitflags 1.2.1 (registry+https://github.com/rust-lang/crates.io-index)",
 "fragile 0.3.0 (registry+https://github.com/rust-lang/crates.io-index)",
 "gio-sys 0.9.0 (registry+https://github.com/rust-lang/crates.io-index)",
 "glib 0.8.2 (registry+https://github.com/rust-lang/crates.io-index)",
 "glib-sys 0.9.0 (registry+https://github.com/rust-lang/crates.io-index)",
 "gobject-sys 0.9.0 (registry+https://github.com/rust-lang/crates.io-index)",
 "lazy_static 1.4.0 (registry+https://github.com/rust-lang/crates.io-index)",
 "libc 0.2.65 (registry+https://github.com/rust-lang/crates.io-index)",
]

[[package]]
name = "gio-sys"
version = "0.9.0"
source = "registry+https://github.com/rust-lang/crates.io-index"
dependencies = [
 "glib-sys 0.9.0 (registry+https://github.com/rust-lang/crates.io-index)",
 "gobject-sys 0.9.0 (registry+https://github.com/rust-lang/crates.io-index)",
 "libc 0.2.65 (registry+https://github.com/rust-lang/crates.io-index)",
 "pkg-config 0.3.16 (registry+https://github.com/rust-lang/crates.io-index)",
]

[[package]]
name = "glib"
version = "0.8.2"
source = "registry+https://github.com/rust-lang/crates.io-index"
dependencies = [
 "bitflags 1.2.1 (registry+https://github.com/rust-lang/crates.io-index)",
 "glib-sys 0.9.0 (registry+https://github.com/rust-lang/crates.io-index)",
 "gobject-sys 0.9.0 (registry+https://github.com/rust-lang/crates.io-index)",
 "lazy_static 1.4.0 (registry+https://github.com/rust-lang/crates.io-index)",
 "libc 0.2.65 (registry+https://github.com/rust-lang/crates.io-index)",
]

[[package]]
name = "glib-sys"
version = "0.9.0"
source = "registry+https://github.com/rust-lang/crates.io-index"
dependencies = [
 "libc 0.2.65 (registry+https://github.com/rust-lang/crates.io-index)",
 "pkg-config 0.3.16 (registry+https://github.com/rust-lang/crates.io-index)",
]

[[package]]
name = "gobject-sys"
version = "0.9.0"
source = "registry+https://github.com/rust-lang/crates.io-index"
dependencies = [
 "glib-sys 0.9.0 (registry+https://github.com/rust-lang/crates.io-index)",
 "libc 0.2.65 (registry+https://github.com/rust-lang/crates.io-index)",
 "pkg-config 0.3.16 (registry+https://github.com/rust-lang/crates.io-index)",
]

[[package]]
name = "lazy_static"
version = "1.4.0"
source = "registry+https://github.com/rust-lang/crates.io-index"

[[package]]
name = "libc"
version = "0.2.65"
source = "registry+https://github.com/rust-lang/crates.io-index"

[[package]]
name = "pkg-config"
version = "0.3.16"
source = "registry+https://github.com/rust-lang/crates.io-index"

[metadata]
"checksum aravis 0.0.1 (registry+https://github.com/rust-lang/crates.io-index)" = "970db4eb0e64f8d3901fd8759af36419837acc3ee6d7364c7732a1f2bd047598"
"checksum aravis-sys 0.0.1 (registry+https://github.com/rust-lang/crates.io-index)" = "9d74ec7bb7049c80bb30d275f5b22aea23145bd8bfb2a8182ac715a4e830efd9"
"checksum bitflags 1.2.1 (registry+https://github.com/rust-lang/crates.io-index)" = "cf1de2fe8c75bc145a2f577add951f8134889b4795d47466a54a5c846d691693"
"checksum fragile 0.3.0 (registry+https://github.com/rust-lang/crates.io-index)" = "05f8140122fa0d5dcb9fc8627cfce2b37cc1500f752636d46ea28bc26785c2f9"
"checksum gio 0.7.0 (registry+https://github.com/rust-lang/crates.io-index)" = "6261b5d34c30c2d59f879e643704cf54cb44731f3a2038000b68790c03e360e3"
"checksum gio-sys 0.9.0 (registry+https://github.com/rust-lang/crates.io-index)" = "778b856a70a32e2cc5dd5cc7fa1b0c4b6df924fdf5c82984bc28f30565657cfe"
"checksum glib 0.8.2 (registry+https://github.com/rust-lang/crates.io-index)" = "be27232841baa43e0fd5ae003f7941925735b2f733a336dc75f07b9eff415e7b"
"checksum glib-sys 0.9.0 (registry+https://github.com/rust-lang/crates.io-index)" = "4b86a9169fbc9cf9a0ef315039c2304b09d5c575c5fde7defba3576a0311b863"
"checksum gobject-sys 0.9.0 (registry+https://github.com/rust-lang/crates.io-index)" = "61d55bc9202447ca776f6ad0048c36e3312010f66f82ab478e97513e93f3604b"
"checksum lazy_static 1.4.0 (registry+https://github.com/rust-lang/crates.io-index)" = "e2abad23fbc42b3700f2f279844dc832adb2b2eb069b2df918f455c4e18cc646"
"checksum libc 0.2.65 (registry+https://github.com/rust-lang/crates.io-index)" = "1a31a0627fdf1f6a39ec0dd577e101440b7db22672c0901fe00a9a6fbb5c24e8"
"checksum pkg-config 0.3.16 (registry+https://github.com/rust-lang/crates.io-index)" = "72d5370d90f49f70bd033c3d75e87fc529fbfff9d6f7cccef07d6170079d91ea"
